
Microsoft Visual Studio Solution File, Format Version 12.00
# Visual Studio Version 16
VisualStudioVersion = 16.0.31624.102
MinimumVisualStudioVersion = 10.0.40219.1
Project("{8BC9CEB8-8B4A-11D0-8D11-00A0C91BC942}") = "Калькулятор", "Калькулятор\Калькулятор.vcxproj", "{59074B97-FFA0-476B-BC3B-73D13FB05221}"
EndProject
Global
	GlobalSection(SolutionConfigurationPlatforms) = preSolution
		Debug|x64 = Debug|x64
		Debug|x86 = Debug|x86
		Release|x64 = Release|x64
		Release|x86 = Release|x86
	EndGlobalSection
	GlobalSection(ProjectConfigurationPlatforms) = postSolution
		{59074B97-FFA0-476B-BC3B-73D13FB05221}.Debug|x64.ActiveCfg = Debug|x64
		{59074B97-FFA0-476B-BC3B-73D13FB05221}.Debug|x64.Build.0 = Debug|x64
		{59074B97-FFA0-476B-BC3B-73D13FB05221}.Debug|x86.ActiveCfg = Debug|Win32
		{59074B97-FFA0-476B-BC3B-73D13FB05221}.Debug|x86.Build.0 = Debug|Win32
		{59074B97-FFA0-476B-BC3B-73D13FB05221}.Release|x64.ActiveCfg = Release|x64
		{59074B97-FFA0-476B-BC3B-73D13FB05221}.Release|x64.Build.0 = Release|x64
		{59074B97-FFA0-476B-BC3B-73D13FB05221}.Release|x86.ActiveCfg = Release|Win32
		{59074B97-FFA0-476B-BC3B-73D13FB05221}.Release|x86.Build.0 = Release|Win32
	EndGlobalSection
	GlobalSection(SolutionProperties) = preSolution
		HideSolutionNode = FALSE
	EndGlobalSection
	GlobalSection(ExtensibilityGlobals) = postSolution
		SolutionGuid = {7F3B863F-E113-405D-B959-5A524FCF4347}
	EndGlobalSection
EndGlobal
